// !$*UTF8*$!
{
	archiveVersion = 1;
	classes = {
	};
	objectVersion = 56;
	objects = {

/* Begin PBXBuildFile section */
		29023F947344AFBFDE43B20E /* Pods_MyMarvel_MyMarvelUITests.framework in Frameworks */ = {isa = PBXBuildFile; fileRef = 4C012E89BA6A3D22A25D8B9A /* Pods_MyMarvel_MyMarvelUITests.framework */; };
		3D63D3742A0F6ED0000C87EC /* CustomError.swift in Sources */ = {isa = PBXBuildFile; fileRef = 3D63D3732A0F6ED0000C87EC /* CustomError.swift */; };
		3D63D3772A0F7DA2000C87EC /* Reachability.swift in Sources */ = {isa = PBXBuildFile; fileRef = 3D63D3762A0F7DA2000C87EC /* Reachability.swift */; };
		3D7EB5202A07781D00A72C66 /* AppDelegate.swift in Sources */ = {isa = PBXBuildFile; fileRef = 3D7EB51F2A07781D00A72C66 /* AppDelegate.swift */; };
		3D7EB5222A07781D00A72C66 /* SceneDelegate.swift in Sources */ = {isa = PBXBuildFile; fileRef = 3D7EB5212A07781D00A72C66 /* SceneDelegate.swift */; };
		3D7EB5242A07781D00A72C66 /* HomeViewController.swift in Sources */ = {isa = PBXBuildFile; fileRef = 3D7EB5232A07781D00A72C66 /* HomeViewController.swift */; };
		3D7EB5272A07781D00A72C66 /* Main.storyboard in Resources */ = {isa = PBXBuildFile; fileRef = 3D7EB5252A07781D00A72C66 /* Main.storyboard */; };
		3D7EB5292A07782000A72C66 /* Assets.xcassets in Resources */ = {isa = PBXBuildFile; fileRef = 3D7EB5282A07782000A72C66 /* Assets.xcassets */; };
		3D7EB52C2A07782000A72C66 /* LaunchScreen.storyboard in Resources */ = {isa = PBXBuildFile; fileRef = 3D7EB52A2A07782000A72C66 /* LaunchScreen.storyboard */; };
		3D7EB5372A07782000A72C66 /* MyMarvelTests.swift in Sources */ = {isa = PBXBuildFile; fileRef = 3D7EB5362A07782000A72C66 /* MyMarvelTests.swift */; };
		3D7EB5412A07782000A72C66 /* MyMarvelUITests.swift in Sources */ = {isa = PBXBuildFile; fileRef = 3D7EB5402A07782000A72C66 /* MyMarvelUITests.swift */; };
		3D7EB5432A07782000A72C66 /* MyMarvelUITestsLaunchTests.swift in Sources */ = {isa = PBXBuildFile; fileRef = 3D7EB5422A07782000A72C66 /* MyMarvelUITestsLaunchTests.swift */; };
		3D7EB5582A07E63900A72C66 /* Character.swift in Sources */ = {isa = PBXBuildFile; fileRef = 3D7EB5572A07E63900A72C66 /* Character.swift */; };
		3D7EB55A2A08018700A72C66 /* DataWrapper.swift in Sources */ = {isa = PBXBuildFile; fileRef = 3D7EB5592A08018700A72C66 /* DataWrapper.swift */; };
		3D7EB55C2A08C54F00A72C66 /* Thumbnail.swift in Sources */ = {isa = PBXBuildFile; fileRef = 3D7EB55B2A08C54F00A72C66 /* Thumbnail.swift */; };
		3D7EB55E2A08C72600A72C66 /* APIService.swift in Sources */ = {isa = PBXBuildFile; fileRef = 3D7EB55D2A08C72600A72C66 /* APIService.swift */; };
		43D4D391B8F9AA2C5AA82415 /* Pods_MyMarvelTests.framework in Frameworks */ = {isa = PBXBuildFile; fileRef = 418A92EC10CC6EC7E189BF60 /* Pods_MyMarvelTests.framework */; };
		859FD82AE0121228937BD66D /* Pods_MyMarvel.framework in Frameworks */ = {isa = PBXBuildFile; fileRef = 8F905C439D58D2949F7BAD3D /* Pods_MyMarvel.framework */; };
/* End PBXBuildFile section */

/* Begin PBXContainerItemProxy section */
		3D7EB5332A07782000A72C66 /* PBXContainerItemProxy */ = {
			isa = PBXContainerItemProxy;
			containerPortal = 3D7EB5142A07781D00A72C66 /* Project object */;
			proxyType = 1;
			remoteGlobalIDString = 3D7EB51B2A07781D00A72C66;
			remoteInfo = MyMarvel;
		};
		3D7EB53D2A07782000A72C66 /* PBXContainerItemProxy */ = {
			isa = PBXContainerItemProxy;
			containerPortal = 3D7EB5142A07781D00A72C66 /* Project object */;
			proxyType = 1;
			remoteGlobalIDString = 3D7EB51B2A07781D00A72C66;
			remoteInfo = MyMarvel;
		};
/* End PBXContainerItemProxy section */

/* Begin PBXFileReference section */
		3145655538125E101178D0FA /* Pods-MyMarvelTests.release.xcconfig */ = {isa = PBXFileReference; includeInIndex = 1; lastKnownFileType = text.xcconfig; name = "Pods-MyMarvelTests.release.xcconfig"; path = "Target Support Files/Pods-MyMarvelTests/Pods-MyMarvelTests.release.xcconfig"; sourceTree = "<group>"; };
		3D63D3732A0F6ED0000C87EC /* CustomError.swift */ = {isa = PBXFileReference; lastKnownFileType = sourcecode.swift; path = CustomError.swift; sourceTree = "<group>"; };
		3D63D3762A0F7DA2000C87EC /* Reachability.swift */ = {isa = PBXFileReference; lastKnownFileType = sourcecode.swift; path = Reachability.swift; sourceTree = "<group>"; };
		3D7EB51C2A07781D00A72C66 /* MyMarvel.app */ = {isa = PBXFileReference; explicitFileType = wrapper.application; includeInIndex = 0; path = MyMarvel.app; sourceTree = BUILT_PRODUCTS_DIR; };
		3D7EB51F2A07781D00A72C66 /* AppDelegate.swift */ = {isa = PBXFileReference; lastKnownFileType = sourcecode.swift; path = AppDelegate.swift; sourceTree = "<group>"; };
		3D7EB5212A07781D00A72C66 /* SceneDelegate.swift */ = {isa = PBXFileReference; lastKnownFileType = sourcecode.swift; path = SceneDelegate.swift; sourceTree = "<group>"; };
		3D7EB5232A07781D00A72C66 /* HomeViewController.swift */ = {isa = PBXFileReference; lastKnownFileType = sourcecode.swift; path = HomeViewController.swift; sourceTree = "<group>"; };
		3D7EB5262A07781D00A72C66 /* Base */ = {isa = PBXFileReference; lastKnownFileType = file.storyboard; name = Base; path = Base.lproj/Main.storyboard; sourceTree = "<group>"; };
		3D7EB5282A07782000A72C66 /* Assets.xcassets */ = {isa = PBXFileReference; lastKnownFileType = folder.assetcatalog; path = Assets.xcassets; sourceTree = "<group>"; };
		3D7EB52B2A07782000A72C66 /* Base */ = {isa = PBXFileReference; lastKnownFileType = file.storyboard; name = Base; path = Base.lproj/LaunchScreen.storyboard; sourceTree = "<group>"; };
		3D7EB52D2A07782000A72C66 /* Info.plist */ = {isa = PBXFileReference; lastKnownFileType = text.plist.xml; path = Info.plist; sourceTree = "<group>"; };
		3D7EB5322A07782000A72C66 /* MyMarvelTests.xctest */ = {isa = PBXFileReference; explicitFileType = wrapper.cfbundle; includeInIndex = 0; path = MyMarvelTests.xctest; sourceTree = BUILT_PRODUCTS_DIR; };
		3D7EB5362A07782000A72C66 /* MyMarvelTests.swift */ = {isa = PBXFileReference; lastKnownFileType = sourcecode.swift; path = MyMarvelTests.swift; sourceTree = "<group>"; };
		3D7EB53C2A07782000A72C66 /* MyMarvelUITests.xctest */ = {isa = PBXFileReference; explicitFileType = wrapper.cfbundle; includeInIndex = 0; path = MyMarvelUITests.xctest; sourceTree = BUILT_PRODUCTS_DIR; };
		3D7EB5402A07782000A72C66 /* MyMarvelUITests.swift */ = {isa = PBXFileReference; lastKnownFileType = sourcecode.swift; path = MyMarvelUITests.swift; sourceTree = "<group>"; };
		3D7EB5422A07782000A72C66 /* MyMarvelUITestsLaunchTests.swift */ = {isa = PBXFileReference; lastKnownFileType = sourcecode.swift; path = MyMarvelUITestsLaunchTests.swift; sourceTree = "<group>"; };
		3D7EB5572A07E63900A72C66 /* Character.swift */ = {isa = PBXFileReference; lastKnownFileType = sourcecode.swift; path = Character.swift; sourceTree = "<group>"; };
		3D7EB5592A08018700A72C66 /* DataWrapper.swift */ = {isa = PBXFileReference; lastKnownFileType = sourcecode.swift; path = DataWrapper.swift; sourceTree = "<group>"; };
		3D7EB55B2A08C54F00A72C66 /* Thumbnail.swift */ = {isa = PBXFileReference; lastKnownFileType = sourcecode.swift; path = Thumbnail.swift; sourceTree = "<group>"; };
		3D7EB55D2A08C72600A72C66 /* APIService.swift */ = {isa = PBXFileReference; lastKnownFileType = sourcecode.swift; path = APIService.swift; sourceTree = "<group>"; };
		418A92EC10CC6EC7E189BF60 /* Pods_MyMarvelTests.framework */ = {isa = PBXFileReference; explicitFileType = wrapper.framework; includeInIndex = 0; path = Pods_MyMarvelTests.framework; sourceTree = BUILT_PRODUCTS_DIR; };
		4AACEE8943849F7FC7559ADF /* Pods-MyMarvel.release.xcconfig */ = {isa = PBXFileReference; includeInIndex = 1; lastKnownFileType = text.xcconfig; name = "Pods-MyMarvel.release.xcconfig"; path = "Target Support Files/Pods-MyMarvel/Pods-MyMarvel.release.xcconfig"; sourceTree = "<group>"; };
		4C012E89BA6A3D22A25D8B9A /* Pods_MyMarvel_MyMarvelUITests.framework */ = {isa = PBXFileReference; explicitFileType = wrapper.framework; includeInIndex = 0; path = Pods_MyMarvel_MyMarvelUITests.framework; sourceTree = BUILT_PRODUCTS_DIR; };
		8F905C439D58D2949F7BAD3D /* Pods_MyMarvel.framework */ = {isa = PBXFileReference; explicitFileType = wrapper.framework; includeInIndex = 0; path = Pods_MyMarvel.framework; sourceTree = BUILT_PRODUCTS_DIR; };
		AF442ED212B0F06A02E0F284 /* Pods-MyMarvel-MyMarvelUITests.debug.xcconfig */ = {isa = PBXFileReference; includeInIndex = 1; lastKnownFileType = text.xcconfig; name = "Pods-MyMarvel-MyMarvelUITests.debug.xcconfig"; path = "Target Support Files/Pods-MyMarvel-MyMarvelUITests/Pods-MyMarvel-MyMarvelUITests.debug.xcconfig"; sourceTree = "<group>"; };
		C344416C1E0E937464C7AAB6 /* Pods-MyMarvel.debug.xcconfig */ = {isa = PBXFileReference; includeInIndex = 1; lastKnownFileType = text.xcconfig; name = "Pods-MyMarvel.debug.xcconfig"; path = "Target Support Files/Pods-MyMarvel/Pods-MyMarvel.debug.xcconfig"; sourceTree = "<group>"; };
		C84D932BC8E868A799E64D40 /* Pods-MyMarvelTests.debug.xcconfig */ = {isa = PBXFileReference; includeInIndex = 1; lastKnownFileType = text.xcconfig; name = "Pods-MyMarvelTests.debug.xcconfig"; path = "Target Support Files/Pods-MyMarvelTests/Pods-MyMarvelTests.debug.xcconfig"; sourceTree = "<group>"; };
		DF46B438F41A1AE238C46EDD /* Pods-MyMarvel-MyMarvelUITests.release.xcconfig */ = {isa = PBXFileReference; includeInIndex = 1; lastKnownFileType = text.xcconfig; name = "Pods-MyMarvel-MyMarvelUITests.release.xcconfig"; path = "Target Support Files/Pods-MyMarvel-MyMarvelUITests/Pods-MyMarvel-MyMarvelUITests.release.xcconfig"; sourceTree = "<group>"; };
/* End PBXFileReference section */

/* Begin PBXFrameworksBuildPhase section */
		3D7EB5192A07781D00A72C66 /* Frameworks */ = {
			isa = PBXFrameworksBuildPhase;
			buildActionMask = 2147483647;
			files = (
				859FD82AE0121228937BD66D /* Pods_MyMarvel.framework in Frameworks */,
			);
			runOnlyForDeploymentPostprocessing = 0;
		};
		3D7EB52F2A07782000A72C66 /* Frameworks */ = {
			isa = PBXFrameworksBuildPhase;
			buildActionMask = 2147483647;
			files = (
				43D4D391B8F9AA2C5AA82415 /* Pods_MyMarvelTests.framework in Frameworks */,
			);
			runOnlyForDeploymentPostprocessing = 0;
		};
		3D7EB5392A07782000A72C66 /* Frameworks */ = {
			isa = PBXFrameworksBuildPhase;
			buildActionMask = 2147483647;
			files = (
				29023F947344AFBFDE43B20E /* Pods_MyMarvel_MyMarvelUITests.framework in Frameworks */,
			);
			runOnlyForDeploymentPostprocessing = 0;
		};
/* End PBXFrameworksBuildPhase section */

/* Begin PBXGroup section */
		3D63D3722A0F6EC2000C87EC /* Utils */ = {
			isa = PBXGroup;
			children = (
				3D63D3752A0F7D92000C87EC /* Helpers */,
				3D63D3732A0F6ED0000C87EC /* CustomError.swift */,
			);
			path = Utils;
			sourceTree = "<group>";
		};
		3D63D3752A0F7D92000C87EC /* Helpers */ = {
			isa = PBXGroup;
			children = (
				3D63D3762A0F7DA2000C87EC /* Reachability.swift */,
			);
			path = Helpers;
			sourceTree = "<group>";
		};
		3D7EB5132A07781D00A72C66 = {
			isa = PBXGroup;
			children = (
				3D7EB51E2A07781D00A72C66 /* MyMarvel */,
				3D7EB5352A07782000A72C66 /* MyMarvelTests */,
				3D7EB53F2A07782000A72C66 /* MyMarvelUITests */,
				3D7EB51D2A07781D00A72C66 /* Products */,
				9008154896B8CA9B604FF8D0 /* Pods */,
				420CD68A880B7F63AD026B6F /* Frameworks */,
			);
			sourceTree = "<group>";
		};
		3D7EB51D2A07781D00A72C66 /* Products */ = {
			isa = PBXGroup;
			children = (
				3D7EB51C2A07781D00A72C66 /* MyMarvel.app */,
				3D7EB5322A07782000A72C66 /* MyMarvelTests.xctest */,
				3D7EB53C2A07782000A72C66 /* MyMarvelUITests.xctest */,
			);
			name = Products;
			sourceTree = "<group>";
		};
		3D7EB51E2A07781D00A72C66 /* MyMarvel */ = {
			isa = PBXGroup;
			children = (
				3D63D3722A0F6EC2000C87EC /* Utils */,
				3D7EB5542A07E55000A72C66 /* Models */,
				3D7EB5532A07E50000A72C66 /* Services */,
				3D7EB5512A07E45600A72C66 /* Resources */,
				3D7EB5502A07E44200A72C66 /* SupportingFiles */,
				3D7EB54F2A07DA8300A72C66 /* Modules */,
			);
			path = MyMarvel;
			sourceTree = "<group>";
		};
		3D7EB5352A07782000A72C66 /* MyMarvelTests */ = {
			isa = PBXGroup;
			children = (
				3D7EB5362A07782000A72C66 /* MyMarvelTests.swift */,
			);
			path = MyMarvelTests;
			sourceTree = "<group>";
		};
		3D7EB53F2A07782000A72C66 /* MyMarvelUITests */ = {
			isa = PBXGroup;
			children = (
				3D7EB5402A07782000A72C66 /* MyMarvelUITests.swift */,
				3D7EB5422A07782000A72C66 /* MyMarvelUITestsLaunchTests.swift */,
			);
			path = MyMarvelUITests;
			sourceTree = "<group>";
		};
		3D7EB54F2A07DA8300A72C66 /* Modules */ = {
			isa = PBXGroup;
			children = (
				3D7EB5522A07E4E600A72C66 /* Home */,
			);
			path = Modules;
			sourceTree = "<group>";
		};
		3D7EB5502A07E44200A72C66 /* SupportingFiles */ = {
			isa = PBXGroup;
			children = (
				3D7EB52D2A07782000A72C66 /* Info.plist */,
				3D7EB51F2A07781D00A72C66 /* AppDelegate.swift */,
				3D7EB5212A07781D00A72C66 /* SceneDelegate.swift */,
			);
			name = SupportingFiles;
			sourceTree = "<group>";
		};
		3D7EB5512A07E45600A72C66 /* Resources */ = {
			isa = PBXGroup;
			children = (
				3D7EB52A2A07782000A72C66 /* LaunchScreen.storyboard */,
				3D7EB5282A07782000A72C66 /* Assets.xcassets */,
			);
			path = Resources;
			sourceTree = "<group>";
		};
		3D7EB5522A07E4E600A72C66 /* Home */ = {
			isa = PBXGroup;
			children = (
				3D7EB5232A07781D00A72C66 /* HomeViewController.swift */,
				3D7EB5252A07781D00A72C66 /* Main.storyboard */,
			);
			path = Home;
			sourceTree = "<group>";
		};
		3D7EB5532A07E50000A72C66 /* Services */ = {
			isa = PBXGroup;
			children = (
				3D7EB5562A07E57700A72C66 /* DataStore */,
				3D7EB5552A07E56700A72C66 /* APIService */,
			);
			path = Services;
			sourceTree = "<group>";
		};
		3D7EB5542A07E55000A72C66 /* Models */ = {
			isa = PBXGroup;
			children = (
				3D7EB5572A07E63900A72C66 /* Character.swift */,
				3D7EB5592A08018700A72C66 /* DataWrapper.swift */,
				3D7EB55B2A08C54F00A72C66 /* Thumbnail.swift */,
			);
			path = Models;
			sourceTree = "<group>";
		};
		3D7EB5552A07E56700A72C66 /* APIService */ = {
			isa = PBXGroup;
			children = (
				3D7EB55D2A08C72600A72C66 /* APIService.swift */,
			);
			path = APIService;
			sourceTree = "<group>";
		};
		3D7EB5562A07E57700A72C66 /* DataStore */ = {
			isa = PBXGroup;
			children = (
			);
			path = DataStore;
			sourceTree = "<group>";
		};
		420CD68A880B7F63AD026B6F /* Frameworks */ = {
			isa = PBXGroup;
			children = (
				8F905C439D58D2949F7BAD3D /* Pods_MyMarvel.framework */,
				4C012E89BA6A3D22A25D8B9A /* Pods_MyMarvel_MyMarvelUITests.framework */,
				418A92EC10CC6EC7E189BF60 /* Pods_MyMarvelTests.framework */,
			);
			name = Frameworks;
			sourceTree = "<group>";
		};
		9008154896B8CA9B604FF8D0 /* Pods */ = {
			isa = PBXGroup;
			children = (
				C344416C1E0E937464C7AAB6 /* Pods-MyMarvel.debug.xcconfig */,
				4AACEE8943849F7FC7559ADF /* Pods-MyMarvel.release.xcconfig */,
				AF442ED212B0F06A02E0F284 /* Pods-MyMarvel-MyMarvelUITests.debug.xcconfig */,
				DF46B438F41A1AE238C46EDD /* Pods-MyMarvel-MyMarvelUITests.release.xcconfig */,
				C84D932BC8E868A799E64D40 /* Pods-MyMarvelTests.debug.xcconfig */,
				3145655538125E101178D0FA /* Pods-MyMarvelTests.release.xcconfig */,
			);
			path = Pods;
			sourceTree = "<group>";
		};
/* End PBXGroup section */

/* Begin PBXNativeTarget section */
		3D7EB51B2A07781D00A72C66 /* MyMarvel */ = {
			isa = PBXNativeTarget;
			buildConfigurationList = 3D7EB5462A07782000A72C66 /* Build configuration list for PBXNativeTarget "MyMarvel" */;
			buildPhases = (
				6D91702A9F4CC839DBE16384 /* [CP] Check Pods Manifest.lock */,
				3D7EB5182A07781D00A72C66 /* Sources */,
				3D7EB5192A07781D00A72C66 /* Frameworks */,
				3D7EB51A2A07781D00A72C66 /* Resources */,
			);
			buildRules = (
			);
			dependencies = (
			);
			name = MyMarvel;
			productName = MyMarvel;
			productReference = 3D7EB51C2A07781D00A72C66 /* MyMarvel.app */;
			productType = "com.apple.product-type.application";
		};
		3D7EB5312A07782000A72C66 /* MyMarvelTests */ = {
			isa = PBXNativeTarget;
			buildConfigurationList = 3D7EB5492A07782000A72C66 /* Build configuration list for PBXNativeTarget "MyMarvelTests" */;
			buildPhases = (
				45E8ED2CFA8C0701812146C7 /* [CP] Check Pods Manifest.lock */,
				3D7EB52E2A07782000A72C66 /* Sources */,
				3D7EB52F2A07782000A72C66 /* Frameworks */,
				3D7EB5302A07782000A72C66 /* Resources */,
			);
			buildRules = (
			);
			dependencies = (
				3D7EB5342A07782000A72C66 /* PBXTargetDependency */,
			);
			name = MyMarvelTests;
			productName = MyMarvelTests;
			productReference = 3D7EB5322A07782000A72C66 /* MyMarvelTests.xctest */;
			productType = "com.apple.product-type.bundle.unit-test";
		};
		3D7EB53B2A07782000A72C66 /* MyMarvelUITests */ = {
			isa = PBXNativeTarget;
			buildConfigurationList = 3D7EB54C2A07782000A72C66 /* Build configuration list for PBXNativeTarget "MyMarvelUITests" */;
			buildPhases = (
				5F8D35555C62F09A4461B470 /* [CP] Check Pods Manifest.lock */,
				3D7EB5382A07782000A72C66 /* Sources */,
				3D7EB5392A07782000A72C66 /* Frameworks */,
				3D7EB53A2A07782000A72C66 /* Resources */,
			);
			buildRules = (
			);
			dependencies = (
				3D7EB53E2A07782000A72C66 /* PBXTargetDependency */,
			);
			name = MyMarvelUITests;
			productName = MyMarvelUITests;
			productReference = 3D7EB53C2A07782000A72C66 /* MyMarvelUITests.xctest */;
			productType = "com.apple.product-type.bundle.ui-testing";
		};
/* End PBXNativeTarget section */

/* Begin PBXProject section */
		3D7EB5142A07781D00A72C66 /* Project object */ = {
			isa = PBXProject;
			attributes = {
				BuildIndependentTargetsInParallel = 1;
				LastSwiftUpdateCheck = 1420;
				LastUpgradeCheck = 1420;
				TargetAttributes = {
					3D7EB51B2A07781D00A72C66 = {
						CreatedOnToolsVersion = 14.2;
					};
					3D7EB5312A07782000A72C66 = {
						CreatedOnToolsVersion = 14.2;
						TestTargetID = 3D7EB51B2A07781D00A72C66;
					};
					3D7EB53B2A07782000A72C66 = {
						CreatedOnToolsVersion = 14.2;
						TestTargetID = 3D7EB51B2A07781D00A72C66;
					};
				};
			};
			buildConfigurationList = 3D7EB5172A07781D00A72C66 /* Build configuration list for PBXProject "MyMarvel" */;
			compatibilityVersion = "Xcode 14.0";
			developmentRegion = en;
			hasScannedForEncodings = 0;
			knownRegions = (
				en,
				Base,
			);
			mainGroup = 3D7EB5132A07781D00A72C66;
			productRefGroup = 3D7EB51D2A07781D00A72C66 /* Products */;
			projectDirPath = "";
			projectRoot = "";
			targets = (
				3D7EB51B2A07781D00A72C66 /* MyMarvel */,
				3D7EB5312A07782000A72C66 /* MyMarvelTests */,
				3D7EB53B2A07782000A72C66 /* MyMarvelUITests */,
			);
		};
/* End PBXProject section */

/* Begin PBXResourcesBuildPhase section */
		3D7EB51A2A07781D00A72C66 /* Resources */ = {
			isa = PBXResourcesBuildPhase;
			buildActionMask = 2147483647;
			files = (
				3D7EB52C2A07782000A72C66 /* LaunchScreen.storyboard in Resources */,
				3D7EB5292A07782000A72C66 /* Assets.xcassets in Resources */,
				3D7EB5272A07781D00A72C66 /* Main.storyboard in Resources */,
			);
			runOnlyForDeploymentPostprocessing = 0;
		};
		3D7EB5302A07782000A72C66 /* Resources */ = {
			isa = PBXResourcesBuildPhase;
			buildActionMask = 2147483647;
			files = (
			);
			runOnlyForDeploymentPostprocessing = 0;
		};
		3D7EB53A2A07782000A72C66 /* Resources */ = {
			isa = PBXResourcesBuildPhase;
			buildActionMask = 2147483647;
			files = (
			);
			runOnlyForDeploymentPostprocessing = 0;
		};
/* End PBXResourcesBuildPhase section */

/* Begin PBXShellScriptBuildPhase section */
		45E8ED2CFA8C0701812146C7 /* [CP] Check Pods Manifest.lock */ = {
			isa = PBXShellScriptBuildPhase;
			buildActionMask = 2147483647;
			files = (
			);
			inputFileListPaths = (
			);
			inputPaths = (
				"${PODS_PODFILE_DIR_PATH}/Podfile.lock",
				"${PODS_ROOT}/Manifest.lock",
			);
			name = "[CP] Check Pods Manifest.lock";
			outputFileListPaths = (
			);
			outputPaths = (
				"$(DERIVED_FILE_DIR)/Pods-MyMarvelTests-checkManifestLockResult.txt",
			);
			runOnlyForDeploymentPostprocessing = 0;
			shellPath = /bin/sh;
			shellScript = "diff \"${PODS_PODFILE_DIR_PATH}/Podfile.lock\" \"${PODS_ROOT}/Manifest.lock\" > /dev/null\nif [ $? != 0 ] ; then\n    # print error to STDERR\n    echo \"error: The sandbox is not in sync with the Podfile.lock. Run 'pod install' or update your CocoaPods installation.\" >&2\n    exit 1\nfi\n# This output is used by Xcode 'outputs' to avoid re-running this script phase.\necho \"SUCCESS\" > \"${SCRIPT_OUTPUT_FILE_0}\"\n";
			showEnvVarsInLog = 0;
		};
		5F8D35555C62F09A4461B470 /* [CP] Check Pods Manifest.lock */ = {
			isa = PBXShellScriptBuildPhase;
			buildActionMask = 2147483647;
			files = (
			);
			inputFileListPaths = (
			);
			inputPaths = (
				"${PODS_PODFILE_DIR_PATH}/Podfile.lock",
				"${PODS_ROOT}/Manifest.lock",
			);
			name = "[CP] Check Pods Manifest.lock";
			outputFileListPaths = (
			);
			outputPaths = (
				"$(DERIVED_FILE_DIR)/Pods-MyMarvel-MyMarvelUITests-checkManifestLockResult.txt",
			);
			runOnlyForDeploymentPostprocessing = 0;
			shellPath = /bin/sh;
			shellScript = "diff \"${PODS_PODFILE_DIR_PATH}/Podfile.lock\" \"${PODS_ROOT}/Manifest.lock\" > /dev/null\nif [ $? != 0 ] ; then\n    # print error to STDERR\n    echo \"error: The sandbox is not in sync with the Podfile.lock. Run 'pod install' or update your CocoaPods installation.\" >&2\n    exit 1\nfi\n# This output is used by Xcode 'outputs' to avoid re-running this script phase.\necho \"SUCCESS\" > \"${SCRIPT_OUTPUT_FILE_0}\"\n";
			showEnvVarsInLog = 0;
		};
		6D91702A9F4CC839DBE16384 /* [CP] Check Pods Manifest.lock */ = {
			isa = PBXShellScriptBuildPhase;
			buildActionMask = 2147483647;
			files = (
			);
			inputFileListPaths = (
			);
			inputPaths = (
				"${PODS_PODFILE_DIR_PATH}/Podfile.lock",
				"${PODS_ROOT}/Manifest.lock",
			);
			name = "[CP] Check Pods Manifest.lock";
			outputFileListPaths = (
			);
			outputPaths = (
				"$(DERIVED_FILE_DIR)/Pods-MyMarvel-checkManifestLockResult.txt",
			);
			runOnlyForDeploymentPostprocessing = 0;
			shellPath = /bin/sh;
			shellScript = "diff \"${PODS_PODFILE_DIR_PATH}/Podfile.lock\" \"${PODS_ROOT}/Manifest.lock\" > /dev/null\nif [ $? != 0 ] ; then\n    # print error to STDERR\n    echo \"error: The sandbox is not in sync with the Podfile.lock. Run 'pod install' or update your CocoaPods installation.\" >&2\n    exit 1\nfi\n# This output is used by Xcode 'outputs' to avoid re-running this script phase.\necho \"SUCCESS\" > \"${SCRIPT_OUTPUT_FILE_0}\"\n";
			showEnvVarsInLog = 0;
		};
/* End PBXShellScriptBuildPhase section */

/* Begin PBXSourcesBuildPhase section */
		3D7EB5182A07781D00A72C66 /* Sources */ = {
			isa = PBXSourcesBuildPhase;
			buildActionMask = 2147483647;
			files = (
				3D7EB55A2A08018700A72C66 /* DataWrapper.swift in Sources */,
				3D7EB55E2A08C72600A72C66 /* APIService.swift in Sources */,
				3D7EB5242A07781D00A72C66 /* HomeViewController.swift in Sources */,
				3D7EB55C2A08C54F00A72C66 /* Thumbnail.swift in Sources */,
				3D7EB5202A07781D00A72C66 /* AppDelegate.swift in Sources */,
				3D63D3772A0F7DA2000C87EC /* Reachability.swift in Sources */,
				3D7EB5222A07781D00A72C66 /* SceneDelegate.swift in Sources */,
				3D7EB5582A07E63900A72C66 /* Character.swift in Sources */,
				3D63D3742A0F6ED0000C87EC /* CustomError.swift in Sources */,
			);
			runOnlyForDeploymentPostprocessing = 0;
		};
		3D7EB52E2A07782000A72C66 /* Sources */ = {
			isa = PBXSourcesBuildPhase;
			buildActionMask = 2147483647;
			files = (
				3D7EB5372A07782000A72C66 /* MyMarvelTests.swift in Sources */,
			);
			runOnlyForDeploymentPostprocessing = 0;
		};
		3D7EB5382A07782000A72C66 /* Sources */ = {
			isa = PBXSourcesBuildPhase;
			buildActionMask = 2147483647;
			files = (
				3D7EB5432A07782000A72C66 /* MyMarvelUITestsLaunchTests.swift in Sources */,
				3D7EB5412A07782000A72C66 /* MyMarvelUITests.swift in Sources */,
			);
			runOnlyForDeploymentPostprocessing = 0;
		};
/* End PBXSourcesBuildPhase section */

/* Begin PBXTargetDependency section */
		3D7EB5342A07782000A72C66 /* PBXTargetDependency */ = {
			isa = PBXTargetDependency;
			target = 3D7EB51B2A07781D00A72C66 /* MyMarvel */;
			targetProxy = 3D7EB5332A07782000A72C66 /* PBXContainerItemProxy */;
		};
		3D7EB53E2A07782000A72C66 /* PBXTargetDependency */ = {
			isa = PBXTargetDependency;
			target = 3D7EB51B2A07781D00A72C66 /* MyMarvel */;
			targetProxy = 3D7EB53D2A07782000A72C66 /* PBXContainerItemProxy */;
		};
/* End PBXTargetDependency section */

/* Begin PBXVariantGroup section */
		3D7EB5252A07781D00A72C66 /* Main.storyboard */ = {
			isa = PBXVariantGroup;
			children = (
				3D7EB5262A07781D00A72C66 /* Base */,
			);
			name = Main.storyboard;
			sourceTree = "<group>";
		};
		3D7EB52A2A07782000A72C66 /* LaunchScreen.storyboard */ = {
			isa = PBXVariantGroup;
			children = (
				3D7EB52B2A07782000A72C66 /* Base */,
			);
			name = LaunchScreen.storyboard;
			sourceTree = "<group>";
		};
/* End PBXVariantGroup section */

/* Begin XCBuildConfiguration section */
		3D7EB5442A07782000A72C66 /* Debug */ = {
			isa = XCBuildConfiguration;
			buildSettings = {
				ALWAYS_SEARCH_USER_PATHS = NO;
				CLANG_ANALYZER_NONNULL = YES;
				CLANG_ANALYZER_NUMBER_OBJECT_CONVERSION = YES_AGGRESSIVE;
				CLANG_CXX_LANGUAGE_STANDARD = "gnu++20";
				CLANG_ENABLE_MODULES = YES;
				CLANG_ENABLE_OBJC_ARC = YES;
				CLANG_ENABLE_OBJC_WEAK = YES;
				CLANG_WARN_BLOCK_CAPTURE_AUTORELEASING = YES;
				CLANG_WARN_BOOL_CONVERSION = YES;
				CLANG_WARN_COMMA = YES;
				CLANG_WARN_CONSTANT_CONVERSION = YES;
				CLANG_WARN_DEPRECATED_OBJC_IMPLEMENTATIONS = YES;
				CLANG_WARN_DIRECT_OBJC_ISA_USAGE = YES_ERROR;
				CLANG_WARN_DOCUMENTATION_COMMENTS = YES;
				CLANG_WARN_EMPTY_BODY = YES;
				CLANG_WARN_ENUM_CONVERSION = YES;
				CLANG_WARN_INFINITE_RECURSION = YES;
				CLANG_WARN_INT_CONVERSION = YES;
				CLANG_WARN_NON_LITERAL_NULL_CONVERSION = YES;
				CLANG_WARN_OBJC_IMPLICIT_RETAIN_SELF = YES;
				CLANG_WARN_OBJC_LITERAL_CONVERSION = YES;
				CLANG_WARN_OBJC_ROOT_CLASS = YES_ERROR;
				CLANG_WARN_QUOTED_INCLUDE_IN_FRAMEWORK_HEADER = YES;
				CLANG_WARN_RANGE_LOOP_ANALYSIS = YES;
				CLANG_WARN_STRICT_PROTOTYPES = YES;
				CLANG_WARN_SUSPICIOUS_MOVE = YES;
				CLANG_WARN_UNGUARDED_AVAILABILITY = YES_AGGRESSIVE;
				CLANG_WARN_UNREACHABLE_CODE = YES;
				CLANG_WARN__DUPLICATE_METHOD_MATCH = YES;
				COPY_PHASE_STRIP = NO;
				DEBUG_INFORMATION_FORMAT = dwarf;
				ENABLE_STRICT_OBJC_MSGSEND = YES;
				ENABLE_TESTABILITY = YES;
				GCC_C_LANGUAGE_STANDARD = gnu11;
				GCC_DYNAMIC_NO_PIC = NO;
				GCC_NO_COMMON_BLOCKS = YES;
				GCC_OPTIMIZATION_LEVEL = 0;
				GCC_PREPROCESSOR_DEFINITIONS = (
					"DEBUG=1",
					"$(inherited)",
				);
				GCC_WARN_64_TO_32_BIT_CONVERSION = YES;
				GCC_WARN_ABOUT_RETURN_TYPE = YES_ERROR;
				GCC_WARN_UNDECLARED_SELECTOR = YES;
				GCC_WARN_UNINITIALIZED_AUTOS = YES_AGGRESSIVE;
				GCC_WARN_UNUSED_FUNCTION = YES;
				GCC_WARN_UNUSED_VARIABLE = YES;
				IPHONEOS_DEPLOYMENT_TARGET = 16.2;
				MTL_ENABLE_DEBUG_INFO = INCLUDE_SOURCE;
				MTL_FAST_MATH = YES;
				ONLY_ACTIVE_ARCH = YES;
				SDKROOT = iphoneos;
				SWIFT_ACTIVE_COMPILATION_CONDITIONS = DEBUG;
				SWIFT_OPTIMIZATION_LEVEL = "-Onone";
			};
			name = Debug;
		};
		3D7EB5452A07782000A72C66 /* Release */ = {
			isa = XCBuildConfiguration;
			buildSettings = {
				ALWAYS_SEARCH_USER_PATHS = NO;
				CLANG_ANALYZER_NONNULL = YES;
				CLANG_ANALYZER_NUMBER_OBJECT_CONVERSION = YES_AGGRESSIVE;
				CLANG_CXX_LANGUAGE_STANDARD = "gnu++20";
				CLANG_ENABLE_MODULES = YES;
				CLANG_ENABLE_OBJC_ARC = YES;
				CLANG_ENABLE_OBJC_WEAK = YES;
				CLANG_WARN_BLOCK_CAPTURE_AUTORELEASING = YES;
				CLANG_WARN_BOOL_CONVERSION = YES;
				CLANG_WARN_COMMA = YES;
				CLANG_WARN_CONSTANT_CONVERSION = YES;
				CLANG_WARN_DEPRECATED_OBJC_IMPLEMENTATIONS = YES;
				CLANG_WARN_DIRECT_OBJC_ISA_USAGE = YES_ERROR;
				CLANG_WARN_DOCUMENTATION_COMMENTS = YES;
				CLANG_WARN_EMPTY_BODY = YES;
				CLANG_WARN_ENUM_CONVERSION = YES;
				CLANG_WARN_INFINITE_RECURSION = YES;
				CLANG_WARN_INT_CONVERSION = YES;
				CLANG_WARN_NON_LITERAL_NULL_CONVERSION = YES;
				CLANG_WARN_OBJC_IMPLICIT_RETAIN_SELF = YES;
				CLANG_WARN_OBJC_LITERAL_CONVERSION = YES;
				CLANG_WARN_OBJC_ROOT_CLASS = YES_ERROR;
				CLANG_WARN_QUOTED_INCLUDE_IN_FRAMEWORK_HEADER = YES;
				CLANG_WARN_RANGE_LOOP_ANALYSIS = YES;
				CLANG_WARN_STRICT_PROTOTYPES = YES;
				CLANG_WARN_SUSPICIOUS_MOVE = YES;
				CLANG_WARN_UNGUARDED_AVAILABILITY = YES_AGGRESSIVE;
				CLANG_WARN_UNREACHABLE_CODE = YES;
				CLANG_WARN__DUPLICATE_METHOD_MATCH = YES;
				COPY_PHASE_STRIP = NO;
				DEBUG_INFORMATION_FORMAT = "dwarf-with-dsym";
				ENABLE_NS_ASSERTIONS = NO;
				ENABLE_STRICT_OBJC_MSGSEND = YES;
				GCC_C_LANGUAGE_STANDARD = gnu11;
				GCC_NO_COMMON_BLOCKS = YES;
				GCC_WARN_64_TO_32_BIT_CONVERSION = YES;
				GCC_WARN_ABOUT_RETURN_TYPE = YES_ERROR;
				GCC_WARN_UNDECLARED_SELECTOR = YES;
				GCC_WARN_UNINITIALIZED_AUTOS = YES_AGGRESSIVE;
				GCC_WARN_UNUSED_FUNCTION = YES;
				GCC_WARN_UNUSED_VARIABLE = YES;
				IPHONEOS_DEPLOYMENT_TARGET = 16.2;
				MTL_ENABLE_DEBUG_INFO = NO;
				MTL_FAST_MATH = YES;
				SDKROOT = iphoneos;
				SWIFT_COMPILATION_MODE = wholemodule;
				SWIFT_OPTIMIZATION_LEVEL = "-O";
				VALIDATE_PRODUCT = YES;
			};
			name = Release;
		};
		3D7EB5472A07782000A72C66 /* Debug */ = {
			isa = XCBuildConfiguration;
			baseConfigurationReference = C344416C1E0E937464C7AAB6 /* Pods-MyMarvel.debug.xcconfig */;
			buildSettings = {
				ASSETCATALOG_COMPILER_APPICON_NAME = AppIcon;
				ASSETCATALOG_COMPILER_GLOBAL_ACCENT_COLOR_NAME = AccentColor;
				CODE_SIGN_STYLE = Automatic;
				CURRENT_PROJECT_VERSION = 1;
				GENERATE_INFOPLIST_FILE = YES;
				INFOPLIST_FILE = MyMarvel/Info.plist;
				INFOPLIST_KEY_UIApplicationSupportsIndirectInputEvents = YES;
				INFOPLIST_KEY_UILaunchStoryboardName = LaunchScreen;
				INFOPLIST_KEY_UIMainStoryboardFile = Main;
				INFOPLIST_KEY_UISupportedInterfaceOrientations_iPad = "UIInterfaceOrientationPortrait UIInterfaceOrientationPortraitUpsideDown UIInterfaceOrientationLandscapeLeft UIInterfaceOrientationLandscapeRight";
				INFOPLIST_KEY_UISupportedInterfaceOrientations_iPhone = "UIInterfaceOrientationPortrait UIInterfaceOrientationLandscapeLeft UIInterfaceOrientationLandscapeRight";
				LD_RUNPATH_SEARCH_PATHS = (
					"$(inherited)",
					"@executable_path/Frameworks",
				);
				MARKETING_VERSION = 1.0;
				PRODUCT_BUNDLE_IDENTIFIER = com.sahilratnani.MyMarvel;
				PRODUCT_NAME = "$(TARGET_NAME)";
				SWIFT_EMIT_LOC_STRINGS = YES;
				SWIFT_VERSION = 5.0;
				TARGETED_DEVICE_FAMILY = "1,2";
			};
			name = Debug;
		};
		3D7EB5482A07782000A72C66 /* Release */ = {
			isa = XCBuildConfiguration;
			baseConfigurationReference = 4AACEE8943849F7FC7559ADF /* Pods-MyMarvel.release.xcconfig */;
			buildSettings = {
				ASSETCATALOG_COMPILER_APPICON_NAME = AppIcon;
				ASSETCATALOG_COMPILER_GLOBAL_ACCENT_COLOR_NAME = AccentColor;
				CODE_SIGN_STYLE = Automatic;
				CURRENT_PROJECT_VERSION = 1;
				GENERATE_INFOPLIST_FILE = YES;
				INFOPLIST_FILE = MyMarvel/Info.plist;
				INFOPLIST_KEY_UIApplicationSupportsIndirectInputEvents = YES;
				INFOPLIST_KEY_UILaunchStoryboardName = LaunchScreen;
				INFOPLIST_KEY_UIMainStoryboardFile = Main;
				INFOPLIST_KEY_UISupportedInterfaceOrientations_iPad = "UIInterfaceOrientationPortrait UIInterfaceOrientationPortraitUpsideDown UIInterfaceOrientationLandscapeLeft UIInterfaceOrientationLandscapeRight";
				INFOPLIST_KEY_UISupportedInterfaceOrientations_iPhone = "UIInterfaceOrientationPortrait UIInterfaceOrientationLandscapeLeft UIInterfaceOrientationLandscapeRight";
				LD_RUNPATH_SEARCH_PATHS = (
					"$(inherited)",
					"@executable_path/Frameworks",
				);
				MARKETING_VERSION = 1.0;
				PRODUCT_BUNDLE_IDENTIFIER = com.sahilratnani.MyMarvel;
				PRODUCT_NAME = "$(TARGET_NAME)";
				SWIFT_EMIT_LOC_STRINGS = YES;
				SWIFT_VERSION = 5.0;
				TARGETED_DEVICE_FAMILY = "1,2";
			};
			name = Release;
		};
		3D7EB54A2A07782000A72C66 /* Debug */ = {
			isa = XCBuildConfiguration;
			baseConfigurationReference = C84D932BC8E868A799E64D40 /* Pods-MyMarvelTests.debug.xcconfig */;
			buildSettings = {
				ALWAYS_EMBED_SWIFT_STANDARD_LIBRARIES = YES;
				BUNDLE_LOADER = "$(TEST_HOST)";
				CODE_SIGN_STYLE = Automatic;
				CURRENT_PROJECT_VERSION = 1;
				GENERATE_INFOPLIST_FILE = YES;
				IPHONEOS_DEPLOYMENT_TARGET = 16.2;
				MARKETING_VERSION = 1.0;
				PRODUCT_BUNDLE_IDENTIFIER = com.sahilratnani.MyMarvelTests;
				PRODUCT_NAME = "$(TARGET_NAME)";
				SWIFT_EMIT_LOC_STRINGS = NO;
				SWIFT_VERSION = 5.0;
				TARGETED_DEVICE_FAMILY = "1,2";
				TEST_HOST = "$(BUILT_PRODUCTS_DIR)/MyMarvel.app/$(BUNDLE_EXECUTABLE_FOLDER_PATH)/MyMarvel";
			};
			name = Debug;
		};
		3D7EB54B2A07782000A72C66 /* Release */ = {
			isa = XCBuildConfiguration;
			baseConfigurationReference = 3145655538125E101178D0FA /* Pods-MyMarvelTests.release.xcconfig */;
			buildSettings = {
				ALWAYS_EMBED_SWIFT_STANDARD_LIBRARIES = YES;
				BUNDLE_LOADER = "$(TEST_HOST)";
				CODE_SIGN_STYLE = Automatic;
				CURRENT_PROJECT_VERSION = 1;
				GENERATE_INFOPLIST_FILE = YES;
				IPHONEOS_DEPLOYMENT_TARGET = 16.2;
				MARKETING_VERSION = 1.0;
				PRODUCT_BUNDLE_IDENTIFIER = com.sahilratnani.MyMarvelTests;
				PRODUCT_NAME = "$(TARGET_NAME)";
				SWIFT_EMIT_LOC_STRINGS = NO;
				SWIFT_VERSION = 5.0;
				TARGETED_DEVICE_FAMILY = "1,2";
				TEST_HOST = "$(BUILT_PRODUCTS_DIR)/MyMarvel.app/$(BUNDLE_EXECUTABLE_FOLDER_PATH)/MyMarvel";
			};
			name = Release;
		};
		3D7EB54D2A07782000A72C66 /* Debug */ = {
			isa = XCBuildConfiguration;
			baseConfigurationReference = AF442ED212B0F06A02E0F284 /* Pods-MyMarvel-MyMarvelUITests.debug.xcconfig */;
			buildSettings = {
				ALWAYS_EMBED_SWIFT_STANDARD_LIBRARIES = YES;
				CODE_SIGN_STYLE = Automatic;
				CURRENT_PROJECT_VERSION = 1;
				GENERATE_INFOPLIST_FILE = YES;
				MARKETING_VERSION = 1.0;
				PRODUCT_BUNDLE_IDENTIFIER = com.sahilratnani.MyMarvelUITests;
				PRODUCT_NAME = "$(TARGET_NAME)";
				SWIFT_EMIT_LOC_STRINGS = NO;
				SWIFT_VERSION = 5.0;
				TARGETED_DEVICE_FAMILY = "1,2";
				TEST_TARGET_NAME = MyMarvel;
			};
			name = Debug;
		};
		3D7EB54E2A07782000A72C66 /* Release */ = {
			isa = XCBuildConfiguration;
			baseConfigurationReference = DF46B438F41A1AE238C46EDD /* Pods-MyMarvel-MyMarvelUITests.release.xcconfig */;
			buildSettings = {
				ALWAYS_EMBED_SWIFT_STANDARD_LIBRARIES = YES;
				CODE_SIGN_STYLE = Automatic;
				CURRENT_PROJECT_VERSION = 1;
				GENERATE_INFOPLIST_FILE = YES;
				MARKETING_VERSION = 1.0;
				PRODUCT_BUNDLE_IDENTIFIER = com.sahilratnani.MyMarvelUITests;
				PRODUCT_NAME = "$(TARGET_NAME)";
				SWIFT_EMIT_LOC_STRINGS = NO;
				SWIFT_VERSION = 5.0;
				TARGETED_DEVICE_FAMILY = "1,2";
				TEST_TARGET_NAME = MyMarvel;
			};
			name = Release;
		};
/* End XCBuildConfiguration section */

/* Begin XCConfigurationList section */
		3D7EB5172A07781D00A72C66 /* Build configuration list for PBXProject "MyMarvel" */ = {
			isa = XCConfigurationList;
			buildConfigurations = (
				3D7EB5442A07782000A72C66 /* Debug */,
				3D7EB5452A07782000A72C66 /* Release */,
			);
			defaultConfigurationIsVisible = 0;
			defaultConfigurationName = Release;
		};
		3D7EB5462A07782000A72C66 /* Build configuration list for PBXNativeTarget "MyMarvel" */ = {
			isa = XCConfigurationList;
			buildConfigurations = (
				3D7EB5472A07782000A72C66 /* Debug */,
				3D7EB5482A07782000A72C66 /* Release */,
			);
			defaultConfigurationIsVisible = 0;
			defaultConfigurationName = Release;
		};
		3D7EB5492A07782000A72C66 /* Build configuration list for PBXNativeTarget "MyMarvelTests" */ = {
			isa = XCConfigurationList;
			buildConfigurations = (
				3D7EB54A2A07782000A72C66 /* Debug */,
				3D7EB54B2A07782000A72C66 /* Release */,
			);
			defaultConfigurationIsVisible = 0;
			defaultConfigurationName = Release;
		};
		3D7EB54C2A07782000A72C66 /* Build configuration list for PBXNativeTarget "MyMarvelUITests" */ = {
			isa = XCConfigurationList;
			buildConfigurations = (
				3D7EB54D2A07782000A72C66 /* Debug */,
				3D7EB54E2A07782000A72C66 /* Release */,
			);
			defaultConfigurationIsVisible = 0;
			defaultConfigurationName = Release;
		};
/* End XCConfigurationList section */
	};
	rootObject = 3D7EB5142A07781D00A72C66 /* Project object */;
}
